
Microsoft Visual Studio Solution File, Format Version 12.00
# Visual Studio 14
VisualStudioVersion = 14.0.25420.1
MinimumVisualStudioVersion = 10.0.40219.1
Project("{2150E333-8FDC-42A3-9474-1A3956D46DE8}") = "src", "src", "{EA2AE000-1C74-4F1E-8324-B2D5D91654FA}"
EndProject
Project("{2150E333-8FDC-42A3-9474-1A3956D46DE8}") = "Solution Items", "Solution Items", "{1378648F-379C-4201-95AE-D42E1C8F582C}"
	ProjectSection(SolutionItems) = preProject
		global.json = global.json
	EndProjectSection
EndProject
Project("{2150E333-8FDC-42A3-9474-1A3956D46DE8}") = "App", "App", "{F88C2DAC-E7A1-4D0F-9E98-A3E3791C94D1}"
EndProject
Project("{2150E333-8FDC-42A3-9474-1A3956D46DE8}") = "Infrastructure", "Infrastructure", "{3EC85F56-4B66-40C1-A0CE-4256053FB594}"
EndProject
Project("{2150E333-8FDC-42A3-9474-1A3956D46DE8}") = "Shared", "Shared", "{9494FFF4-4355-4832-B36A-66C9EB19B376}"
EndProject
Project("{2150E333-8FDC-42A3-9474-1A3956D46DE8}") = "Core", "Core", "{5B99E3DA-BE62-43AE-AEB0-8BECF8190013}"
EndProject
Project("{2150E333-8FDC-42A3-9474-1A3956D46DE8}") = "Tools", "Tools", "{5F4FB42F-8961-467C-B9E2-14C5A7286CEA}"
EndProject
Project("{8BB2217D-0F2D-49D1-97BC-3654ED321F3B}") = "Microsoft.Catalog.Azure.Storage", "src\Infrastructure\Storage\Microsoft.Catalog.Azure.Storage.xproj", "{FF64C35A-0392-467A-BF5C-793193916B4D}"
EndProject
Project("{8BB2217D-0F2D-49D1-97BC-3654ED321F3B}") = "Microsoft.Catalog.Web", "src\App\Web\Microsoft.Catalog.Web.xproj", "{52ABB263-ABC8-4C40-81C4-E04646607B2C}"
EndProject
Project("{8BB2217D-0F2D-49D1-97BC-3654ED321F3B}") = "Microsoft.Catalog.Azure.Search", "src\Infrastructure\Search\Microsoft.Catalog.Azure.Search.xproj", "{41EA4C77-D434-4BD7-8784-63A6DFBAEC23}"
EndProject
Project("{8BB2217D-0F2D-49D1-97BC-3654ED321F3B}") = "Microsoft.Catalog.Domain", "src\Core\Domain\Microsoft.Catalog.Domain.xproj", "{CEFAF2B3-1299-480B-AA1A-4EF743E8ED50}"
EndProject
Project("{8BB2217D-0F2D-49D1-97BC-3654ED321F3B}") = "Microsoft.Catalog.Common", "src\Shared\Common\Microsoft.Catalog.Common.xproj", "{9A58CFA0-3B52-4AB5-82ED-A4E59249BFA8}"
EndProject
Project("{00D1A9C2-B5F0-4AF3-8072-F6C62B433612}") = "Microsoft.Catalog.Sql", "src\Infrastructure\New folder\Sql\Microsoft.Catalog.Sql.sqlproj", "{AE25D4AF-5F56-4690-AC7F-03670CDC77F2}"
EndProject
Project("{8BB2217D-0F2D-49D1-97BC-3654ED321F3B}") = "Microsoft.Catalog.Database", "src\Infrastructure\Database\Database\Microsoft.Catalog.Database.xproj", "{FEA41443-C13D-4B3C-893A-139DE0DDE810}"
EndProject
Project("{8BB2217D-0F2D-49D1-97BC-3654ED321F3B}") = "Microsoft.Catalog.Database.Test", "src\Infrastructure\Database.Test\Microsoft.Catalog.Database.Test.xproj", "{505925F2-8BE8-4EC7-ABA5-C432A496B9F0}"
EndProject
Project("{8BB2217D-0F2D-49D1-97BC-3654ED321F3B}") = "Microsoft.Catalog.Azure.Search.Test", "src\Infrastructure\AzureSearch.Test\Microsoft.Catalog.Azure.Search.Test.xproj", "{42A1266C-0B2B-424E-B56D-53C2A800A386}"
EndProject
Global
	GlobalSection(SolutionConfigurationPlatforms) = preSolution
		Debug|Any CPU = Debug|Any CPU
		Release|Any CPU = Release|Any CPU
	EndGlobalSection
	GlobalSection(ProjectConfigurationPlatforms) = postSolution
		{FF64C35A-0392-467A-BF5C-793193916B4D}.Debug|Any CPU.ActiveCfg = Debug|Any CPU
		{FF64C35A-0392-467A-BF5C-793193916B4D}.Debug|Any CPU.Build.0 = Debug|Any CPU
		{FF64C35A-0392-467A-BF5C-793193916B4D}.Release|Any CPU.ActiveCfg = Release|Any CPU
		{FF64C35A-0392-467A-BF5C-793193916B4D}.Release|Any CPU.Build.0 = Release|Any CPU
		{52ABB263-ABC8-4C40-81C4-E04646607B2C}.Debug|Any CPU.ActiveCfg = Debug|Any CPU
		{52ABB263-ABC8-4C40-81C4-E04646607B2C}.Debug|Any CPU.Build.0 = Debug|Any CPU
		{52ABB263-ABC8-4C40-81C4-E04646607B2C}.Release|Any CPU.ActiveCfg = Release|Any CPU
		{52ABB263-ABC8-4C40-81C4-E04646607B2C}.Release|Any CPU.Build.0 = Release|Any CPU
		{41EA4C77-D434-4BD7-8784-63A6DFBAEC23}.Debug|Any CPU.ActiveCfg = Debug|Any CPU
		{41EA4C77-D434-4BD7-8784-63A6DFBAEC23}.Debug|Any CPU.Build.0 = Debug|Any CPU
		{41EA4C77-D434-4BD7-8784-63A6DFBAEC23}.Release|Any CPU.ActiveCfg = Release|Any CPU
		{41EA4C77-D434-4BD7-8784-63A6DFBAEC23}.Release|Any CPU.Build.0 = Release|Any CPU
		{CEFAF2B3-1299-480B-AA1A-4EF743E8ED50}.Debug|Any CPU.ActiveCfg = Debug|Any CPU
		{CEFAF2B3-1299-480B-AA1A-4EF743E8ED50}.Debug|Any CPU.Build.0 = Debug|Any CPU
		{CEFAF2B3-1299-480B-AA1A-4EF743E8ED50}.Release|Any CPU.ActiveCfg = Release|Any CPU
		{CEFAF2B3-1299-480B-AA1A-4EF743E8ED50}.Release|Any CPU.Build.0 = Release|Any CPU
		{9A58CFA0-3B52-4AB5-82ED-A4E59249BFA8}.Debug|Any CPU.ActiveCfg = Debug|Any CPU
		{9A58CFA0-3B52-4AB5-82ED-A4E59249BFA8}.Debug|Any CPU.Build.0 = Debug|Any CPU
		{9A58CFA0-3B52-4AB5-82ED-A4E59249BFA8}.Release|Any CPU.ActiveCfg = Release|Any CPU
		{9A58CFA0-3B52-4AB5-82ED-A4E59249BFA8}.Release|Any CPU.Build.0 = Release|Any CPU
		{AE25D4AF-5F56-4690-AC7F-03670CDC77F2}.Debug|Any CPU.ActiveCfg = Debug|Any CPU
		{AE25D4AF-5F56-4690-AC7F-03670CDC77F2}.Debug|Any CPU.Build.0 = Debug|Any CPU
		{AE25D4AF-5F56-4690-AC7F-03670CDC77F2}.Debug|Any CPU.Deploy.0 = Debug|Any CPU
		{AE25D4AF-5F56-4690-AC7F-03670CDC77F2}.Release|Any CPU.ActiveCfg = Release|Any CPU
		{AE25D4AF-5F56-4690-AC7F-03670CDC77F2}.Release|Any CPU.Build.0 = Release|Any CPU
		{AE25D4AF-5F56-4690-AC7F-03670CDC77F2}.Release|Any CPU.Deploy.0 = Release|Any CPU
		{FEA41443-C13D-4B3C-893A-139DE0DDE810}.Debug|Any CPU.ActiveCfg = Debug|Any CPU
		{FEA41443-C13D-4B3C-893A-139DE0DDE810}.Debug|Any CPU.Build.0 = Debug|Any CPU
		{FEA41443-C13D-4B3C-893A-139DE0DDE810}.Release|Any CPU.ActiveCfg = Release|Any CPU
		{FEA41443-C13D-4B3C-893A-139DE0DDE810}.Release|Any CPU.Build.0 = Release|Any CPU
		{505925F2-8BE8-4EC7-ABA5-C432A496B9F0}.Debug|Any CPU.ActiveCfg = Debug|Any CPU
		{505925F2-8BE8-4EC7-ABA5-C432A496B9F0}.Debug|Any CPU.Build.0 = Debug|Any CPU
		{505925F2-8BE8-4EC7-ABA5-C432A496B9F0}.Release|Any CPU.ActiveCfg = Release|Any CPU
		{505925F2-8BE8-4EC7-ABA5-C432A496B9F0}.Release|Any CPU.Build.0 = Release|Any CPU
		{42A1266C-0B2B-424E-B56D-53C2A800A386}.Debug|Any CPU.ActiveCfg = Debug|Any CPU
		{42A1266C-0B2B-424E-B56D-53C2A800A386}.Debug|Any CPU.Build.0 = Debug|Any CPU
		{42A1266C-0B2B-424E-B56D-53C2A800A386}.Release|Any CPU.ActiveCfg = Release|Any CPU
		{42A1266C-0B2B-424E-B56D-53C2A800A386}.Release|Any CPU.Build.0 = Release|Any CPU
	EndGlobalSection
	GlobalSection(SolutionProperties) = preSolution
		HideSolutionNode = FALSE
	EndGlobalSection
	GlobalSection(NestedProjects) = preSolution
		{F88C2DAC-E7A1-4D0F-9E98-A3E3791C94D1} = {EA2AE000-1C74-4F1E-8324-B2D5D91654FA}
		{3EC85F56-4B66-40C1-A0CE-4256053FB594} = {EA2AE000-1C74-4F1E-8324-B2D5D91654FA}
		{9494FFF4-4355-4832-B36A-66C9EB19B376} = {EA2AE000-1C74-4F1E-8324-B2D5D91654FA}
		{5B99E3DA-BE62-43AE-AEB0-8BECF8190013} = {EA2AE000-1C74-4F1E-8324-B2D5D91654FA}
		{5F4FB42F-8961-467C-B9E2-14C5A7286CEA} = {EA2AE000-1C74-4F1E-8324-B2D5D91654FA}
		{FF64C35A-0392-467A-BF5C-793193916B4D} = {3EC85F56-4B66-40C1-A0CE-4256053FB594}
		{52ABB263-ABC8-4C40-81C4-E04646607B2C} = {F88C2DAC-E7A1-4D0F-9E98-A3E3791C94D1}
		{41EA4C77-D434-4BD7-8784-63A6DFBAEC23} = {3EC85F56-4B66-40C1-A0CE-4256053FB594}
		{CEFAF2B3-1299-480B-AA1A-4EF743E8ED50} = {5B99E3DA-BE62-43AE-AEB0-8BECF8190013}
		{9A58CFA0-3B52-4AB5-82ED-A4E59249BFA8} = {9494FFF4-4355-4832-B36A-66C9EB19B376}
		{AE25D4AF-5F56-4690-AC7F-03670CDC77F2} = {3EC85F56-4B66-40C1-A0CE-4256053FB594}
		{FEA41443-C13D-4B3C-893A-139DE0DDE810} = {3EC85F56-4B66-40C1-A0CE-4256053FB594}
		{505925F2-8BE8-4EC7-ABA5-C432A496B9F0} = {3EC85F56-4B66-40C1-A0CE-4256053FB594}
		{42A1266C-0B2B-424E-B56D-53C2A800A386} = {3EC85F56-4B66-40C1-A0CE-4256053FB594}
	EndGlobalSection
EndGlobal
